
Microsoft Visual Studio Solution File, Format Version 12.00
# Visual Studio Version 17
VisualStudioVersion = 17.0.31903.59
MinimumVisualStudioVersion = 10.0.40219.1
Project("{9A19103F-16F7-4668-BE54-9A1E7A4F7556}") = "Uqs.Weather", "Uqs.Weather\Uqs.Weather.csproj", "{EBD37FC7-7659-4DC2-B99F-538137A4AB4E}"
EndProject
Project("{9A19103F-16F7-4668-BE54-9A1E7A4F7556}") = "Uqs.Weather.Tests.Unit", "Uqs.Weather.Tests.Unit\Uqs.Weather.Tests.Unit.csproj", "{15F47AC0-6888-45D8-9507-E7F7D7707560}"
EndProject
Global
	GlobalSection(SolutionConfigurationPlatforms) = preSolution
		Debug|Any CPU = Debug|Any CPU
		Release|Any CPU = Release|Any CPU
	EndGlobalSection
	GlobalSection(ProjectConfigurationPlatforms) = postSolution
		{EBD37FC7-7659-4DC2-B99F-538137A4AB4E}.Debug|Any CPU.ActiveCfg = Debug|Any CPU
		{EBD37FC7-7659-4DC2-B99F-538137A4AB4E}.Debug|Any CPU.Build.0 = Debug|Any CPU
		{EBD37FC7-7659-4DC2-B99F-538137A4AB4E}.Release|Any CPU.ActiveCfg = Release|Any CPU
		{EBD37FC7-7659-4DC2-B99F-538137A4AB4E}.Release|Any CPU.Build.0 = Release|Any CPU
		{15F47AC0-6888-45D8-9507-E7F7D7707560}.Debug|Any CPU.ActiveCfg = Debug|Any CPU
		{15F47AC0-6888-45D8-9507-E7F7D7707560}.Debug|Any CPU.Build.0 = Debug|Any CPU
		{15F47AC0-6888-45D8-9507-E7F7D7707560}.Release|Any CPU.ActiveCfg = Release|Any CPU
		{15F47AC0-6888-45D8-9507-E7F7D7707560}.Release|Any CPU.Build.0 = Release|Any CPU
	EndGlobalSection
	GlobalSection(SolutionProperties) = preSolution
		HideSolutionNode = FALSE
	EndGlobalSection
	GlobalSection(ExtensibilityGlobals) = postSolution
		SolutionGuid = {90D2EA31-C4C5-4F44-B81C-2C7E9A4B5936}
	EndGlobalSection
EndGlobal
